// !$*UTF8*$!
{
	archiveVersion = 1;
	classes = {
	};
	objectVersion = 56;
	objects = {

/* Begin PBXBuildFile section */
		183F276022BA99C18F5DEA01 /* Pods_Parstagram.framework in Frameworks */ = {isa = PBXBuildFile; fileRef = 059C5FF62654828F26B7C9C0 /* Pods_Parstagram.framework */; };
		65DDA5E5243598670EE09EBF /* Pods_Parstagram_ParstagramUITests.framework in Frameworks */ = {isa = PBXBuildFile; fileRef = 902ABDF33A723E174D20B195 /* Pods_Parstagram_ParstagramUITests.framework */; };
		90EC061D4EAD90A3536F21CE /* Pods_ParstagramTests.framework in Frameworks */ = {isa = PBXBuildFile; fileRef = E2D79FF77B6BBE4535432B66 /* Pods_ParstagramTests.framework */; };
		FE3163A929036EAE00ED2D42 /* CommentCell.swift in Sources */ = {isa = PBXBuildFile; fileRef = FE3163A829036EAE00ED2D42 /* CommentCell.swift */; };
		FE54FF5E28FB53D500B7AD5F /* LoginViewController.swift in Sources */ = {isa = PBXBuildFile; fileRef = FE54FF5D28FB53D500B7AD5F /* LoginViewController.swift */; };
		FE54FF6028FB53EA00B7AD5F /* FeedViewController.swift in Sources */ = {isa = PBXBuildFile; fileRef = FE54FF5F28FB53EA00B7AD5F /* FeedViewController.swift */; };
		FE54FF6228FB556E00B7AD5F /* instagram_assets in Resources */ = {isa = PBXBuildFile; fileRef = FE54FF6128FB556E00B7AD5F /* instagram_assets */; };
		FE944A0828FA3B4900D19530 /* AppDelegate.swift in Sources */ = {isa = PBXBuildFile; fileRef = FE944A0728FA3B4900D19530 /* AppDelegate.swift */; };
		FE944A0A28FA3B4900D19530 /* SceneDelegate.swift in Sources */ = {isa = PBXBuildFile; fileRef = FE944A0928FA3B4900D19530 /* SceneDelegate.swift */; };
		FE944A0F28FA3B4900D19530 /* Main.storyboard in Resources */ = {isa = PBXBuildFile; fileRef = FE944A0D28FA3B4900D19530 /* Main.storyboard */; };
		FE944A1128FA3B4A00D19530 /* Assets.xcassets in Resources */ = {isa = PBXBuildFile; fileRef = FE944A1028FA3B4A00D19530 /* Assets.xcassets */; };
		FE944A1428FA3B4A00D19530 /* LaunchScreen.storyboard in Resources */ = {isa = PBXBuildFile; fileRef = FE944A1228FA3B4A00D19530 /* LaunchScreen.storyboard */; };
		FE944A1F28FA3B4A00D19530 /* ParstagramTests.swift in Sources */ = {isa = PBXBuildFile; fileRef = FE944A1E28FA3B4A00D19530 /* ParstagramTests.swift */; };
		FE944A2928FA3B4A00D19530 /* ParstagramUITests.swift in Sources */ = {isa = PBXBuildFile; fileRef = FE944A2828FA3B4A00D19530 /* ParstagramUITests.swift */; };
		FE944A2B28FA3B4A00D19530 /* ParstagramUITestsLaunchTests.swift in Sources */ = {isa = PBXBuildFile; fileRef = FE944A2A28FA3B4A00D19530 /* ParstagramUITestsLaunchTests.swift */; };
		FEB70FC528FBAE7B00E9D979 /* CameraViewController.swift in Sources */ = {isa = PBXBuildFile; fileRef = FEB70FC428FBAE7B00E9D979 /* CameraViewController.swift */; };
		FEB70FC728FC9D4B00E9D979 /* PostCell.swift in Sources */ = {isa = PBXBuildFile; fileRef = FEB70FC628FC9D4B00E9D979 /* PostCell.swift */; };
/* End PBXBuildFile section */

/* Begin PBXContainerItemProxy section */
		FE944A1B28FA3B4A00D19530 /* PBXContainerItemProxy */ = {
			isa = PBXContainerItemProxy;
			containerPortal = FE9449FC28FA3B4900D19530 /* Project object */;
			proxyType = 1;
			remoteGlobalIDString = FE944A0328FA3B4900D19530;
			remoteInfo = Parstagram;
		};
		FE944A2528FA3B4A00D19530 /* PBXContainerItemProxy */ = {
			isa = PBXContainerItemProxy;
			containerPortal = FE9449FC28FA3B4900D19530 /* Project object */;
			proxyType = 1;
			remoteGlobalIDString = FE944A0328FA3B4900D19530;
			remoteInfo = Parstagram;
		};
/* End PBXContainerItemProxy section */

/* Begin PBXFileReference section */
		059C5FF62654828F26B7C9C0 /* Pods_Parstagram.framework */ = {isa = PBXFileReference; explicitFileType = wrapper.framework; includeInIndex = 0; path = Pods_Parstagram.framework; sourceTree = BUILT_PRODUCTS_DIR; };
		24D4623320FACDBD6743997F /* Pods-Parstagram-ParstagramUITests.release.xcconfig */ = {isa = PBXFileReference; includeInIndex = 1; lastKnownFileType = text.xcconfig; name = "Pods-Parstagram-ParstagramUITests.release.xcconfig"; path = "Target Support Files/Pods-Parstagram-ParstagramUITests/Pods-Parstagram-ParstagramUITests.release.xcconfig"; sourceTree = "<group>"; };
		2CC49E653BC3494A6308AE7F /* Pods-Parstagram-ParstagramUITests.debug.xcconfig */ = {isa = PBXFileReference; includeInIndex = 1; lastKnownFileType = text.xcconfig; name = "Pods-Parstagram-ParstagramUITests.debug.xcconfig"; path = "Target Support Files/Pods-Parstagram-ParstagramUITests/Pods-Parstagram-ParstagramUITests.debug.xcconfig"; sourceTree = "<group>"; };
		5EC1D381641BF0FE8578AD42 /* Pods-Parstagram.release.xcconfig */ = {isa = PBXFileReference; includeInIndex = 1; lastKnownFileType = text.xcconfig; name = "Pods-Parstagram.release.xcconfig"; path = "Target Support Files/Pods-Parstagram/Pods-Parstagram.release.xcconfig"; sourceTree = "<group>"; };
		902ABDF33A723E174D20B195 /* Pods_Parstagram_ParstagramUITests.framework */ = {isa = PBXFileReference; explicitFileType = wrapper.framework; includeInIndex = 0; path = Pods_Parstagram_ParstagramUITests.framework; sourceTree = BUILT_PRODUCTS_DIR; };
		C0A0911FBB794529B452A0AA /* Pods-Parstagram.debug.xcconfig */ = {isa = PBXFileReference; includeInIndex = 1; lastKnownFileType = text.xcconfig; name = "Pods-Parstagram.debug.xcconfig"; path = "Target Support Files/Pods-Parstagram/Pods-Parstagram.debug.xcconfig"; sourceTree = "<group>"; };
		E1336A0ABDF1E2600F0C924F /* Pods-ParstagramTests.release.xcconfig */ = {isa = PBXFileReference; includeInIndex = 1; lastKnownFileType = text.xcconfig; name = "Pods-ParstagramTests.release.xcconfig"; path = "Target Support Files/Pods-ParstagramTests/Pods-ParstagramTests.release.xcconfig"; sourceTree = "<group>"; };
		E2D79FF77B6BBE4535432B66 /* Pods_ParstagramTests.framework */ = {isa = PBXFileReference; explicitFileType = wrapper.framework; includeInIndex = 0; path = Pods_ParstagramTests.framework; sourceTree = BUILT_PRODUCTS_DIR; };
		F1633E96924B5A31447AD446 /* Pods-ParstagramTests.debug.xcconfig */ = {isa = PBXFileReference; includeInIndex = 1; lastKnownFileType = text.xcconfig; name = "Pods-ParstagramTests.debug.xcconfig"; path = "Target Support Files/Pods-ParstagramTests/Pods-ParstagramTests.debug.xcconfig"; sourceTree = "<group>"; };
		FE3163A829036EAE00ED2D42 /* CommentCell.swift */ = {isa = PBXFileReference; lastKnownFileType = sourcecode.swift; path = CommentCell.swift; sourceTree = "<group>"; };
		FE54FF5D28FB53D500B7AD5F /* LoginViewController.swift */ = {isa = PBXFileReference; lastKnownFileType = sourcecode.swift; path = LoginViewController.swift; sourceTree = "<group>"; };
		FE54FF5F28FB53EA00B7AD5F /* FeedViewController.swift */ = {isa = PBXFileReference; lastKnownFileType = sourcecode.swift; path = FeedViewController.swift; sourceTree = "<group>"; };
		FE54FF6128FB556E00B7AD5F /* instagram_assets */ = {isa = PBXFileReference; lastKnownFileType = folder; name = instagram_assets; path = ../../../../../../Downloads/instagram_assets; sourceTree = "<group>"; };
		FE944A0428FA3B4900D19530 /* Parstagram.app */ = {isa = PBXFileReference; explicitFileType = wrapper.application; includeInIndex = 0; path = Parstagram.app; sourceTree = BUILT_PRODUCTS_DIR; };
		FE944A0728FA3B4900D19530 /* AppDelegate.swift */ = {isa = PBXFileReference; lastKnownFileType = sourcecode.swift; path = AppDelegate.swift; sourceTree = "<group>"; };
		FE944A0928FA3B4900D19530 /* SceneDelegate.swift */ = {isa = PBXFileReference; lastKnownFileType = sourcecode.swift; path = SceneDelegate.swift; sourceTree = "<group>"; };
		FE944A0E28FA3B4900D19530 /* Base */ = {isa = PBXFileReference; lastKnownFileType = file.storyboard; name = Base; path = Base.lproj/Main.storyboard; sourceTree = "<group>"; };
		FE944A1028FA3B4A00D19530 /* Assets.xcassets */ = {isa = PBXFileReference; lastKnownFileType = folder.assetcatalog; path = Assets.xcassets; sourceTree = "<group>"; };
		FE944A1328FA3B4A00D19530 /* Base */ = {isa = PBXFileReference; lastKnownFileType = file.storyboard; name = Base; path = Base.lproj/LaunchScreen.storyboard; sourceTree = "<group>"; };
		FE944A1528FA3B4A00D19530 /* Info.plist */ = {isa = PBXFileReference; lastKnownFileType = text.plist.xml; path = Info.plist; sourceTree = "<group>"; };
		FE944A1A28FA3B4A00D19530 /* ParstagramTests.xctest */ = {isa = PBXFileReference; explicitFileType = wrapper.cfbundle; includeInIndex = 0; path = ParstagramTests.xctest; sourceTree = BUILT_PRODUCTS_DIR; };
		FE944A1E28FA3B4A00D19530 /* ParstagramTests.swift */ = {isa = PBXFileReference; lastKnownFileType = sourcecode.swift; path = ParstagramTests.swift; sourceTree = "<group>"; };
		FE944A2428FA3B4A00D19530 /* ParstagramUITests.xctest */ = {isa = PBXFileReference; explicitFileType = wrapper.cfbundle; includeInIndex = 0; path = ParstagramUITests.xctest; sourceTree = BUILT_PRODUCTS_DIR; };
		FE944A2828FA3B4A00D19530 /* ParstagramUITests.swift */ = {isa = PBXFileReference; lastKnownFileType = sourcecode.swift; path = ParstagramUITests.swift; sourceTree = "<group>"; };
		FE944A2A28FA3B4A00D19530 /* ParstagramUITestsLaunchTests.swift */ = {isa = PBXFileReference; lastKnownFileType = sourcecode.swift; path = ParstagramUITestsLaunchTests.swift; sourceTree = "<group>"; };
		FEB70FC428FBAE7B00E9D979 /* CameraViewController.swift */ = {isa = PBXFileReference; lastKnownFileType = sourcecode.swift; path = CameraViewController.swift; sourceTree = "<group>"; };
		FEB70FC628FC9D4B00E9D979 /* PostCell.swift */ = {isa = PBXFileReference; lastKnownFileType = sourcecode.swift; path = PostCell.swift; sourceTree = "<group>"; };
/* End PBXFileReference section */

/* Begin PBXFrameworksBuildPhase section */
		FE944A0128FA3B4900D19530 /* Frameworks */ = {
			isa = PBXFrameworksBuildPhase;
			buildActionMask = 2147483647;
			files = (
				183F276022BA99C18F5DEA01 /* Pods_Parstagram.framework in Frameworks */,
			);
			runOnlyForDeploymentPostprocessing = 0;
		};
		FE944A1728FA3B4A00D19530 /* Frameworks */ = {
			isa = PBXFrameworksBuildPhase;
			buildActionMask = 2147483647;
			files = (
				90EC061D4EAD90A3536F21CE /* Pods_ParstagramTests.framework in Frameworks */,
			);
			runOnlyForDeploymentPostprocessing = 0;
		};
		FE944A2128FA3B4A00D19530 /* Frameworks */ = {
			isa = PBXFrameworksBuildPhase;
			buildActionMask = 2147483647;
			files = (
				65DDA5E5243598670EE09EBF /* Pods_Parstagram_ParstagramUITests.framework in Frameworks */,
			);
			runOnlyForDeploymentPostprocessing = 0;
		};
/* End PBXFrameworksBuildPhase section */

/* Begin PBXGroup section */
		4F34D31B46057354CEEF8BFA /* Pods */ = {
			isa = PBXGroup;
			children = (
				C0A0911FBB794529B452A0AA /* Pods-Parstagram.debug.xcconfig */,
				5EC1D381641BF0FE8578AD42 /* Pods-Parstagram.release.xcconfig */,
				2CC49E653BC3494A6308AE7F /* Pods-Parstagram-ParstagramUITests.debug.xcconfig */,
				24D4623320FACDBD6743997F /* Pods-Parstagram-ParstagramUITests.release.xcconfig */,
				F1633E96924B5A31447AD446 /* Pods-ParstagramTests.debug.xcconfig */,
				E1336A0ABDF1E2600F0C924F /* Pods-ParstagramTests.release.xcconfig */,
			);
			path = Pods;
			sourceTree = "<group>";
		};
		924B956D4ECAEDAC87DC1882 /* Frameworks */ = {
			isa = PBXGroup;
			children = (
				059C5FF62654828F26B7C9C0 /* Pods_Parstagram.framework */,
				902ABDF33A723E174D20B195 /* Pods_Parstagram_ParstagramUITests.framework */,
				E2D79FF77B6BBE4535432B66 /* Pods_ParstagramTests.framework */,
			);
			name = Frameworks;
			sourceTree = "<group>";
		};
		FE9449FB28FA3B4900D19530 = {
			isa = PBXGroup;
			children = (
				FE944A0628FA3B4900D19530 /* Parstagram */,
				FE944A1D28FA3B4A00D19530 /* ParstagramTests */,
				FE944A2728FA3B4A00D19530 /* ParstagramUITests */,
				FE944A0528FA3B4900D19530 /* Products */,
				4F34D31B46057354CEEF8BFA /* Pods */,
				924B956D4ECAEDAC87DC1882 /* Frameworks */,
			);
			sourceTree = "<group>";
		};
		FE944A0528FA3B4900D19530 /* Products */ = {
			isa = PBXGroup;
			children = (
				FE944A0428FA3B4900D19530 /* Parstagram.app */,
				FE944A1A28FA3B4A00D19530 /* ParstagramTests.xctest */,
				FE944A2428FA3B4A00D19530 /* ParstagramUITests.xctest */,
			);
			name = Products;
			sourceTree = "<group>";
		};
		FE944A0628FA3B4900D19530 /* Parstagram */ = {
			isa = PBXGroup;
			children = (
				FE944A0928FA3B4900D19530 /* SceneDelegate.swift */,
				FE944A0728FA3B4900D19530 /* AppDelegate.swift */,
				FE944A0D28FA3B4900D19530 /* Main.storyboard */,
				FE3163A829036EAE00ED2D42 /* CommentCell.swift */,
				FEB70FC628FC9D4B00E9D979 /* PostCell.swift */,
				FEB70FC428FBAE7B00E9D979 /* CameraViewController.swift */,
				FE54FF5D28FB53D500B7AD5F /* LoginViewController.swift */,
				FE54FF5F28FB53EA00B7AD5F /* FeedViewController.swift */,
				FE944A1028FA3B4A00D19530 /* Assets.xcassets */,
				FE944A1228FA3B4A00D19530 /* LaunchScreen.storyboard */,
				FE944A1528FA3B4A00D19530 /* Info.plist */,
				FE54FF6128FB556E00B7AD5F /* instagram_assets */,
			);
			path = Parstagram;
			sourceTree = "<group>";
		};
		FE944A1D28FA3B4A00D19530 /* ParstagramTests */ = {
			isa = PBXGroup;
			children = (
				FE944A1E28FA3B4A00D19530 /* ParstagramTests.swift */,
			);
			path = ParstagramTests;
			sourceTree = "<group>";
		};
		FE944A2728FA3B4A00D19530 /* ParstagramUITests */ = {
			isa = PBXGroup;
			children = (
				FE944A2828FA3B4A00D19530 /* ParstagramUITests.swift */,
				FE944A2A28FA3B4A00D19530 /* ParstagramUITestsLaunchTests.swift */,
			);
			path = ParstagramUITests;
			sourceTree = "<group>";
		};
/* End PBXGroup section */

/* Begin PBXNativeTarget section */
		FE944A0328FA3B4900D19530 /* Parstagram */ = {
			isa = PBXNativeTarget;
			buildConfigurationList = FE944A2E28FA3B4A00D19530 /* Build configuration list for PBXNativeTarget "Parstagram" */;
			buildPhases = (
				728883C78D12B701F52517E4 /* [CP] Check Pods Manifest.lock */,
				FE944A0028FA3B4900D19530 /* Sources */,
				FE944A0128FA3B4900D19530 /* Frameworks */,
				FE944A0228FA3B4900D19530 /* Resources */,
				E3B3B3B373D995CBFBC813AA /* [CP] Embed Pods Frameworks */,
			);
			buildRules = (
			);
			dependencies = (
			);
			name = Parstagram;
			productName = Parstagram;
			productReference = FE944A0428FA3B4900D19530 /* Parstagram.app */;
			productType = "com.apple.product-type.application";
		};
		FE944A1928FA3B4A00D19530 /* ParstagramTests */ = {
			isa = PBXNativeTarget;
			buildConfigurationList = FE944A3128FA3B4A00D19530 /* Build configuration list for PBXNativeTarget "ParstagramTests" */;
			buildPhases = (
				C6B120535A4BB4D673428825 /* [CP] Check Pods Manifest.lock */,
				FE944A1628FA3B4A00D19530 /* Sources */,
				FE944A1728FA3B4A00D19530 /* Frameworks */,
				FE944A1828FA3B4A00D19530 /* Resources */,
			);
			buildRules = (
			);
			dependencies = (
				FE944A1C28FA3B4A00D19530 /* PBXTargetDependency */,
			);
			name = ParstagramTests;
			productName = ParstagramTests;
			productReference = FE944A1A28FA3B4A00D19530 /* ParstagramTests.xctest */;
			productType = "com.apple.product-type.bundle.unit-test";
		};
		FE944A2328FA3B4A00D19530 /* ParstagramUITests */ = {
			isa = PBXNativeTarget;
			buildConfigurationList = FE944A3428FA3B4A00D19530 /* Build configuration list for PBXNativeTarget "ParstagramUITests" */;
			buildPhases = (
				DC6E5CDC4B50F6D583548254 /* [CP] Check Pods Manifest.lock */,
				FE944A2028FA3B4A00D19530 /* Sources */,
				FE944A2128FA3B4A00D19530 /* Frameworks */,
				FE944A2228FA3B4A00D19530 /* Resources */,
				AAB22D2F3FD8F96778752C42 /* [CP] Embed Pods Frameworks */,
			);
			buildRules = (
			);
			dependencies = (
				FE944A2628FA3B4A00D19530 /* PBXTargetDependency */,
			);
			name = ParstagramUITests;
			productName = ParstagramUITests;
			productReference = FE944A2428FA3B4A00D19530 /* ParstagramUITests.xctest */;
			productType = "com.apple.product-type.bundle.ui-testing";
		};
/* End PBXNativeTarget section */

/* Begin PBXProject section */
		FE9449FC28FA3B4900D19530 /* Project object */ = {
			isa = PBXProject;
			attributes = {
				BuildIndependentTargetsInParallel = 1;
				LastSwiftUpdateCheck = 1400;
				LastUpgradeCheck = 1400;
				TargetAttributes = {
					FE944A0328FA3B4900D19530 = {
						CreatedOnToolsVersion = 14.0.1;
					};
					FE944A1928FA3B4A00D19530 = {
						CreatedOnToolsVersion = 14.0.1;
						TestTargetID = FE944A0328FA3B4900D19530;
					};
					FE944A2328FA3B4A00D19530 = {
						CreatedOnToolsVersion = 14.0.1;
						TestTargetID = FE944A0328FA3B4900D19530;
					};
				};
			};
			buildConfigurationList = FE9449FF28FA3B4900D19530 /* Build configuration list for PBXProject "Parstagram" */;
			compatibilityVersion = "Xcode 14.0";
			developmentRegion = en;
			hasScannedForEncodings = 0;
			knownRegions = (
				en,
				Base,
			);
			mainGroup = FE9449FB28FA3B4900D19530;
			productRefGroup = FE944A0528FA3B4900D19530 /* Products */;
			projectDirPath = "";
			projectRoot = "";
			targets = (
				FE944A0328FA3B4900D19530 /* Parstagram */,
				FE944A1928FA3B4A00D19530 /* ParstagramTests */,
				FE944A2328FA3B4A00D19530 /* ParstagramUITests */,
			);
		};
/* End PBXProject section */

/* Begin PBXResourcesBuildPhase section */
		FE944A0228FA3B4900D19530 /* Resources */ = {
			isa = PBXResourcesBuildPhase;
			buildActionMask = 2147483647;
			files = (
				FE54FF6228FB556E00B7AD5F /* instagram_assets in Resources */,
				FE944A1428FA3B4A00D19530 /* LaunchScreen.storyboard in Resources */,
				FE944A1128FA3B4A00D19530 /* Assets.xcassets in Resources */,
				FE944A0F28FA3B4900D19530 /* Main.storyboard in Resources */,
			);
			runOnlyForDeploymentPostprocessing = 0;
		};
		FE944A1828FA3B4A00D19530 /* Resources */ = {
			isa = PBXResourcesBuildPhase;
			buildActionMask = 2147483647;
			files = (
			);
			runOnlyForDeploymentPostprocessing = 0;
		};
		FE944A2228FA3B4A00D19530 /* Resources */ = {
			isa = PBXResourcesBuildPhase;
			buildActionMask = 2147483647;
			files = (
			);
			runOnlyForDeploymentPostprocessing = 0;
		};
/* End PBXResourcesBuildPhase section */

/* Begin PBXShellScriptBuildPhase section */
		728883C78D12B701F52517E4 /* [CP] Check Pods Manifest.lock */ = {
			isa = PBXShellScriptBuildPhase;
			buildActionMask = 2147483647;
			files = (
			);
			inputFileListPaths = (
			);
			inputPaths = (
				"${PODS_PODFILE_DIR_PATH}/Podfile.lock",
				"${PODS_ROOT}/Manifest.lock",
			);
			name = "[CP] Check Pods Manifest.lock";
			outputFileListPaths = (
			);
			outputPaths = (
				"$(DERIVED_FILE_DIR)/Pods-Parstagram-checkManifestLockResult.txt",
			);
			runOnlyForDeploymentPostprocessing = 0;
			shellPath = /bin/sh;
			shellScript = "diff \"${PODS_PODFILE_DIR_PATH}/Podfile.lock\" \"${PODS_ROOT}/Manifest.lock\" > /dev/null\nif [ $? != 0 ] ; then\n    # print error to STDERR\n    echo \"error: The sandbox is not in sync with the Podfile.lock. Run 'pod install' or update your CocoaPods installation.\" >&2\n    exit 1\nfi\n# This output is used by Xcode 'outputs' to avoid re-running this script phase.\necho \"SUCCESS\" > \"${SCRIPT_OUTPUT_FILE_0}\"\n";
			showEnvVarsInLog = 0;
		};
		AAB22D2F3FD8F96778752C42 /* [CP] Embed Pods Frameworks */ = {
			isa = PBXShellScriptBuildPhase;
			buildActionMask = 2147483647;
			files = (
			);
			inputFileListPaths = (
				"${PODS_ROOT}/Target Support Files/Pods-Parstagram-ParstagramUITests/Pods-Parstagram-ParstagramUITests-frameworks-${CONFIGURATION}-input-files.xcfilelist",
			);
			name = "[CP] Embed Pods Frameworks";
			outputFileListPaths = (
				"${PODS_ROOT}/Target Support Files/Pods-Parstagram-ParstagramUITests/Pods-Parstagram-ParstagramUITests-frameworks-${CONFIGURATION}-output-files.xcfilelist",
			);
			runOnlyForDeploymentPostprocessing = 0;
			shellPath = /bin/sh;
			shellScript = "\"${PODS_ROOT}/Target Support Files/Pods-Parstagram-ParstagramUITests/Pods-Parstagram-ParstagramUITests-frameworks.sh\"\n";
			showEnvVarsInLog = 0;
		};
		C6B120535A4BB4D673428825 /* [CP] Check Pods Manifest.lock */ = {
			isa = PBXShellScriptBuildPhase;
			buildActionMask = 2147483647;
			files = (
			);
			inputFileListPaths = (
			);
			inputPaths = (
				"${PODS_PODFILE_DIR_PATH}/Podfile.lock",
				"${PODS_ROOT}/Manifest.lock",
			);
			name = "[CP] Check Pods Manifest.lock";
			outputFileListPaths = (
			);
			outputPaths = (
				"$(DERIVED_FILE_DIR)/Pods-ParstagramTests-checkManifestLockResult.txt",
			);
			runOnlyForDeploymentPostprocessing = 0;
			shellPath = /bin/sh;
			shellScript = "diff \"${PODS_PODFILE_DIR_PATH}/Podfile.lock\" \"${PODS_ROOT}/Manifest.lock\" > /dev/null\nif [ $? != 0 ] ; then\n    # print error to STDERR\n    echo \"error: The sandbox is not in sync with the Podfile.lock. Run 'pod install' or update your CocoaPods installation.\" >&2\n    exit 1\nfi\n# This output is used by Xcode 'outputs' to avoid re-running this script phase.\necho \"SUCCESS\" > \"${SCRIPT_OUTPUT_FILE_0}\"\n";
			showEnvVarsInLog = 0;
		};
		DC6E5CDC4B50F6D583548254 /* [CP] Check Pods Manifest.lock */ = {
			isa = PBXShellScriptBuildPhase;
			buildActionMask = 2147483647;
			files = (
			);
			inputFileListPaths = (
			);
			inputPaths = (
				"${PODS_PODFILE_DIR_PATH}/Podfile.lock",
				"${PODS_ROOT}/Manifest.lock",
			);
			name = "[CP] Check Pods Manifest.lock";
			outputFileListPaths = (
			);
			outputPaths = (
				"$(DERIVED_FILE_DIR)/Pods-Parstagram-ParstagramUITests-checkManifestLockResult.txt",
			);
			runOnlyForDeploymentPostprocessing = 0;
			shellPath = /bin/sh;
			shellScript = "diff \"${PODS_PODFILE_DIR_PATH}/Podfile.lock\" \"${PODS_ROOT}/Manifest.lock\" > /dev/null\nif [ $? != 0 ] ; then\n    # print error to STDERR\n    echo \"error: The sandbox is not in sync with the Podfile.lock. Run 'pod install' or update your CocoaPods installation.\" >&2\n    exit 1\nfi\n# This output is used by Xcode 'outputs' to avoid re-running this script phase.\necho \"SUCCESS\" > \"${SCRIPT_OUTPUT_FILE_0}\"\n";
			showEnvVarsInLog = 0;
		};
		E3B3B3B373D995CBFBC813AA /* [CP] Embed Pods Frameworks */ = {
			isa = PBXShellScriptBuildPhase;
			buildActionMask = 2147483647;
			files = (
			);
			inputFileListPaths = (
				"${PODS_ROOT}/Target Support Files/Pods-Parstagram/Pods-Parstagram-frameworks-${CONFIGURATION}-input-files.xcfilelist",
			);
			name = "[CP] Embed Pods Frameworks";
			outputFileListPaths = (
				"${PODS_ROOT}/Target Support Files/Pods-Parstagram/Pods-Parstagram-frameworks-${CONFIGURATION}-output-files.xcfilelist",
			);
			runOnlyForDeploymentPostprocessing = 0;
			shellPath = /bin/sh;
			shellScript = "\"${PODS_ROOT}/Target Support Files/Pods-Parstagram/Pods-Parstagram-frameworks.sh\"\n";
			showEnvVarsInLog = 0;
		};
/* End PBXShellScriptBuildPhase section */

/* Begin PBXSourcesBuildPhase section */
		FE944A0028FA3B4900D19530 /* Sources */ = {
			isa = PBXSourcesBuildPhase;
			buildActionMask = 2147483647;
			files = (
				FE54FF5E28FB53D500B7AD5F /* LoginViewController.swift in Sources */,
				FEB70FC528FBAE7B00E9D979 /* CameraViewController.swift in Sources */,
				FE944A0828FA3B4900D19530 /* AppDelegate.swift in Sources */,
				FE54FF6028FB53EA00B7AD5F /* FeedViewController.swift in Sources */,
				FE944A0A28FA3B4900D19530 /* SceneDelegate.swift in Sources */,
				FEB70FC728FC9D4B00E9D979 /* PostCell.swift in Sources */,
				FE3163A929036EAE00ED2D42 /* CommentCell.swift in Sources */,
			);
			runOnlyForDeploymentPostprocessing = 0;
		};
		FE944A1628FA3B4A00D19530 /* Sources */ = {
			isa = PBXSourcesBuildPhase;
			buildActionMask = 2147483647;
			files = (
				FE944A1F28FA3B4A00D19530 /* ParstagramTests.swift in Sources */,
			);
			runOnlyForDeploymentPostprocessing = 0;
		};
		FE944A2028FA3B4A00D19530 /* Sources */ = {
			isa = PBXSourcesBuildPhase;
			buildActionMask = 2147483647;
			files = (
				FE944A2B28FA3B4A00D19530 /* ParstagramUITestsLaunchTests.swift in Sources */,
				FE944A2928FA3B4A00D19530 /* ParstagramUITests.swift in Sources */,
			);
			runOnlyForDeploymentPostprocessing = 0;
		};
/* End PBXSourcesBuildPhase section */

/* Begin PBXTargetDependency section */
		FE944A1C28FA3B4A00D19530 /* PBXTargetDependency */ = {
			isa = PBXTargetDependency;
			target = FE944A0328FA3B4900D19530 /* Parstagram */;
			targetProxy = FE944A1B28FA3B4A00D19530 /* PBXContainerItemProxy */;
		};
		FE944A2628FA3B4A00D19530 /* PBXTargetDependency */ = {
			isa = PBXTargetDependency;
			target = FE944A0328FA3B4900D19530 /* Parstagram */;
			targetProxy = FE944A2528FA3B4A00D19530 /* PBXContainerItemProxy */;
		};
/* End PBXTargetDependency section */

/* Begin PBXVariantGroup section */
		FE944A0D28FA3B4900D19530 /* Main.storyboard */ = {
			isa = PBXVariantGroup;
			children = (
				FE944A0E28FA3B4900D19530 /* Base */,
			);
			name = Main.storyboard;
			sourceTree = "<group>";
		};
		FE944A1228FA3B4A00D19530 /* LaunchScreen.storyboard */ = {
			isa = PBXVariantGroup;
			children = (
				FE944A1328FA3B4A00D19530 /* Base */,
			);
			name = LaunchScreen.storyboard;
			sourceTree = "<group>";
		};
/* End PBXVariantGroup section */

/* Begin XCBuildConfiguration section */
		FE944A2C28FA3B4A00D19530 /* Debug */ = {
			isa = XCBuildConfiguration;
			buildSettings = {
				ALWAYS_SEARCH_USER_PATHS = NO;
				CLANG_ANALYZER_NONNULL = YES;
				CLANG_ANALYZER_NUMBER_OBJECT_CONVERSION = YES_AGGRESSIVE;
				CLANG_CXX_LANGUAGE_STANDARD = "gnu++20";
				CLANG_ENABLE_MODULES = YES;
				CLANG_ENABLE_OBJC_ARC = YES;
				CLANG_ENABLE_OBJC_WEAK = YES;
				CLANG_WARN_BLOCK_CAPTURE_AUTORELEASING = YES;
				CLANG_WARN_BOOL_CONVERSION = YES;
				CLANG_WARN_COMMA = YES;
				CLANG_WARN_CONSTANT_CONVERSION = YES;
				CLANG_WARN_DEPRECATED_OBJC_IMPLEMENTATIONS = YES;
				CLANG_WARN_DIRECT_OBJC_ISA_USAGE = YES_ERROR;
				CLANG_WARN_DOCUMENTATION_COMMENTS = YES;
				CLANG_WARN_EMPTY_BODY = YES;
				CLANG_WARN_ENUM_CONVERSION = YES;
				CLANG_WARN_INFINITE_RECURSION = YES;
				CLANG_WARN_INT_CONVERSION = YES;
				CLANG_WARN_NON_LITERAL_NULL_CONVERSION = YES;
				CLANG_WARN_OBJC_IMPLICIT_RETAIN_SELF = YES;
				CLANG_WARN_OBJC_LITERAL_CONVERSION = YES;
				CLANG_WARN_OBJC_ROOT_CLASS = YES_ERROR;
				CLANG_WARN_QUOTED_INCLUDE_IN_FRAMEWORK_HEADER = YES;
				CLANG_WARN_RANGE_LOOP_ANALYSIS = YES;
				CLANG_WARN_STRICT_PROTOTYPES = YES;
				CLANG_WARN_SUSPICIOUS_MOVE = YES;
				CLANG_WARN_UNGUARDED_AVAILABILITY = YES_AGGRESSIVE;
				CLANG_WARN_UNREACHABLE_CODE = YES;
				CLANG_WARN__DUPLICATE_METHOD_MATCH = YES;
				COPY_PHASE_STRIP = NO;
				DEBUG_INFORMATION_FORMAT = dwarf;
				ENABLE_STRICT_OBJC_MSGSEND = YES;
				ENABLE_TESTABILITY = YES;
				GCC_C_LANGUAGE_STANDARD = gnu11;
				GCC_DYNAMIC_NO_PIC = NO;
				GCC_NO_COMMON_BLOCKS = YES;
				GCC_OPTIMIZATION_LEVEL = 0;
				GCC_PREPROCESSOR_DEFINITIONS = (
					"DEBUG=1",
					"$(inherited)",
				);
				GCC_WARN_64_TO_32_BIT_CONVERSION = YES;
				GCC_WARN_ABOUT_RETURN_TYPE = YES_ERROR;
				GCC_WARN_UNDECLARED_SELECTOR = YES;
				GCC_WARN_UNINITIALIZED_AUTOS = YES_AGGRESSIVE;
				GCC_WARN_UNUSED_FUNCTION = YES;
				GCC_WARN_UNUSED_VARIABLE = YES;
				IPHONEOS_DEPLOYMENT_TARGET = 16.0;
				MTL_ENABLE_DEBUG_INFO = INCLUDE_SOURCE;
				MTL_FAST_MATH = YES;
				ONLY_ACTIVE_ARCH = YES;
				SDKROOT = iphoneos;
				SWIFT_ACTIVE_COMPILATION_CONDITIONS = DEBUG;
				SWIFT_OPTIMIZATION_LEVEL = "-Onone";
			};
			name = Debug;
		};
		FE944A2D28FA3B4A00D19530 /* Release */ = {
			isa = XCBuildConfiguration;
			buildSettings = {
				ALWAYS_SEARCH_USER_PATHS = NO;
				CLANG_ANALYZER_NONNULL = YES;
				CLANG_ANALYZER_NUMBER_OBJECT_CONVERSION = YES_AGGRESSIVE;
				CLANG_CXX_LANGUAGE_STANDARD = "gnu++20";
				CLANG_ENABLE_MODULES = YES;
				CLANG_ENABLE_OBJC_ARC = YES;
				CLANG_ENABLE_OBJC_WEAK = YES;
				CLANG_WARN_BLOCK_CAPTURE_AUTORELEASING = YES;
				CLANG_WARN_BOOL_CONVERSION = YES;
				CLANG_WARN_COMMA = YES;
				CLANG_WARN_CONSTANT_CONVERSION = YES;
				CLANG_WARN_DEPRECATED_OBJC_IMPLEMENTATIONS = YES;
				CLANG_WARN_DIRECT_OBJC_ISA_USAGE = YES_ERROR;
				CLANG_WARN_DOCUMENTATION_COMMENTS = YES;
				CLANG_WARN_EMPTY_BODY = YES;
				CLANG_WARN_ENUM_CONVERSION = YES;
				CLANG_WARN_INFINITE_RECURSION = YES;
				CLANG_WARN_INT_CONVERSION = YES;
				CLANG_WARN_NON_LITERAL_NULL_CONVERSION = YES;
				CLANG_WARN_OBJC_IMPLICIT_RETAIN_SELF = YES;
				CLANG_WARN_OBJC_LITERAL_CONVERSION = YES;
				CLANG_WARN_OBJC_ROOT_CLASS = YES_ERROR;
				CLANG_WARN_QUOTED_INCLUDE_IN_FRAMEWORK_HEADER = YES;
				CLANG_WARN_RANGE_LOOP_ANALYSIS = YES;
				CLANG_WARN_STRICT_PROTOTYPES = YES;
				CLANG_WARN_SUSPICIOUS_MOVE = YES;
				CLANG_WARN_UNGUARDED_AVAILABILITY = YES_AGGRESSIVE;
				CLANG_WARN_UNREACHABLE_CODE = YES;
				CLANG_WARN__DUPLICATE_METHOD_MATCH = YES;
				COPY_PHASE_STRIP = NO;
				DEBUG_INFORMATION_FORMAT = "dwarf-with-dsym";
				ENABLE_NS_ASSERTIONS = NO;
				ENABLE_STRICT_OBJC_MSGSEND = YES;
				GCC_C_LANGUAGE_STANDARD = gnu11;
				GCC_NO_COMMON_BLOCKS = YES;
				GCC_WARN_64_TO_32_BIT_CONVERSION = YES;
				GCC_WARN_ABOUT_RETURN_TYPE = YES_ERROR;
				GCC_WARN_UNDECLARED_SELECTOR = YES;
				GCC_WARN_UNINITIALIZED_AUTOS = YES_AGGRESSIVE;
				GCC_WARN_UNUSED_FUNCTION = YES;
				GCC_WARN_UNUSED_VARIABLE = YES;
				IPHONEOS_DEPLOYMENT_TARGET = 16.0;
				MTL_ENABLE_DEBUG_INFO = NO;
				MTL_FAST_MATH = YES;
				SDKROOT = iphoneos;
				SWIFT_COMPILATION_MODE = wholemodule;
				SWIFT_OPTIMIZATION_LEVEL = "-O";
				VALIDATE_PRODUCT = YES;
			};
			name = Release;
		};
		FE944A2F28FA3B4A00D19530 /* Debug */ = {
			isa = XCBuildConfiguration;
			baseConfigurationReference = C0A0911FBB794529B452A0AA /* Pods-Parstagram.debug.xcconfig */;
			buildSettings = {
				ASSETCATALOG_COMPILER_APPICON_NAME = AppIcon;
				ASSETCATALOG_COMPILER_GLOBAL_ACCENT_COLOR_NAME = AccentColor;
				CODE_SIGN_STYLE = Automatic;
				CURRENT_PROJECT_VERSION = 1;
				DEVELOPMENT_TEAM = 6ST822MABD;
				GENERATE_INFOPLIST_FILE = YES;
				INFOPLIST_FILE = Parstagram/Info.plist;
				INFOPLIST_KEY_UIApplicationSupportsIndirectInputEvents = YES;
				INFOPLIST_KEY_UILaunchStoryboardName = LaunchScreen;
				INFOPLIST_KEY_UIMainStoryboardFile = Main;
				INFOPLIST_KEY_UISupportedInterfaceOrientations_iPad = "UIInterfaceOrientationPortrait UIInterfaceOrientationPortraitUpsideDown UIInterfaceOrientationLandscapeLeft UIInterfaceOrientationLandscapeRight";
				INFOPLIST_KEY_UISupportedInterfaceOrientations_iPhone = "UIInterfaceOrientationPortrait UIInterfaceOrientationLandscapeLeft UIInterfaceOrientationLandscapeRight";
				LD_RUNPATH_SEARCH_PATHS = (
					"$(inherited)",
					"@executable_path/Frameworks",
				);
				MARKETING_VERSION = 1.0;
				PRODUCT_BUNDLE_IDENTIFIER = com.KennyBui.Parstagram;
				PRODUCT_NAME = "$(TARGET_NAME)";
				SWIFT_EMIT_LOC_STRINGS = YES;
				SWIFT_VERSION = 5.0;
				TARGETED_DEVICE_FAMILY = "1,2";
			};
			name = Debug;
		};
		FE944A3028FA3B4A00D19530 /* Release */ = {
			isa = XCBuildConfiguration;
			baseConfigurationReference = 5EC1D381641BF0FE8578AD42 /* Pods-Parstagram.release.xcconfig */;
			buildSettings = {
				ASSETCATALOG_COMPILER_APPICON_NAME = AppIcon;
				ASSETCATALOG_COMPILER_GLOBAL_ACCENT_COLOR_NAME = AccentColor;
				CODE_SIGN_STYLE = Automatic;
				CURRENT_PROJECT_VERSION = 1;
				DEVELOPMENT_TEAM = 6ST822MABD;
				GENERATE_INFOPLIST_FILE = YES;
				INFOPLIST_FILE = Parstagram/Info.plist;
				INFOPLIST_KEY_UIApplicationSupportsIndirectInputEvents = YES;
				INFOPLIST_KEY_UILaunchStoryboardName = LaunchScreen;
				INFOPLIST_KEY_UIMainStoryboardFile = Main;
				INFOPLIST_KEY_UISupportedInterfaceOrientations_iPad = "UIInterfaceOrientationPortrait UIInterfaceOrientationPortraitUpsideDown UIInterfaceOrientationLandscapeLeft UIInterfaceOrientationLandscapeRight";
				INFOPLIST_KEY_UISupportedInterfaceOrientations_iPhone = "UIInterfaceOrientationPortrait UIInterfaceOrientationLandscapeLeft UIInterfaceOrientationLandscapeRight";
				LD_RUNPATH_SEARCH_PATHS = (
					"$(inherited)",
					"@executable_path/Frameworks",
				);
				MARKETING_VERSION = 1.0;
				PRODUCT_BUNDLE_IDENTIFIER = com.KennyBui.Parstagram;
				PRODUCT_NAME = "$(TARGET_NAME)";
				SWIFT_EMIT_LOC_STRINGS = YES;
				SWIFT_VERSION = 5.0;
				TARGETED_DEVICE_FAMILY = "1,2";
			};
			name = Release;
		};
		FE944A3228FA3B4A00D19530 /* Debug */ = {
			isa = XCBuildConfiguration;
			baseConfigurationReference = F1633E96924B5A31447AD446 /* Pods-ParstagramTests.debug.xcconfig */;
			buildSettings = {
				ALWAYS_EMBED_SWIFT_STANDARD_LIBRARIES = YES;
				BUNDLE_LOADER = "$(TEST_HOST)";
				CODE_SIGN_STYLE = Automatic;
				CURRENT_PROJECT_VERSION = 1;
				DEVELOPMENT_TEAM = 6ST822MABD;
				GENERATE_INFOPLIST_FILE = YES;
				IPHONEOS_DEPLOYMENT_TARGET = 16.0;
				MARKETING_VERSION = 1.0;
				PRODUCT_BUNDLE_IDENTIFIER = com.KennyBui.ParstagramTests;
				PRODUCT_NAME = "$(TARGET_NAME)";
				SWIFT_EMIT_LOC_STRINGS = NO;
				SWIFT_VERSION = 5.0;
				TARGETED_DEVICE_FAMILY = "1,2";
				TEST_HOST = "$(BUILT_PRODUCTS_DIR)/Parstagram.app/$(BUNDLE_EXECUTABLE_FOLDER_PATH)/Parstagram";
			};
			name = Debug;
		};
		FE944A3328FA3B4A00D19530 /* Release */ = {
			isa = XCBuildConfiguration;
			baseConfigurationReference = E1336A0ABDF1E2600F0C924F /* Pods-ParstagramTests.release.xcconfig */;
			buildSettings = {
				ALWAYS_EMBED_SWIFT_STANDARD_LIBRARIES = YES;
				BUNDLE_LOADER = "$(TEST_HOST)";
				CODE_SIGN_STYLE = Automatic;
				CURRENT_PROJECT_VERSION = 1;
				DEVELOPMENT_TEAM = 6ST822MABD;
				GENERATE_INFOPLIST_FILE = YES;
				IPHONEOS_DEPLOYMENT_TARGET = 16.0;
				MARKETING_VERSION = 1.0;
				PRODUCT_BUNDLE_IDENTIFIER = com.KennyBui.ParstagramTests;
				PRODUCT_NAME = "$(TARGET_NAME)";
				SWIFT_EMIT_LOC_STRINGS = NO;
				SWIFT_VERSION = 5.0;
				TARGETED_DEVICE_FAMILY = "1,2";
				TEST_HOST = "$(BUILT_PRODUCTS_DIR)/Parstagram.app/$(BUNDLE_EXECUTABLE_FOLDER_PATH)/Parstagram";
			};
			name = Release;
		};
		FE944A3528FA3B4A00D19530 /* Debug */ = {
			isa = XCBuildConfiguration;
			baseConfigurationReference = 2CC49E653BC3494A6308AE7F /* Pods-Parstagram-ParstagramUITests.debug.xcconfig */;
			buildSettings = {
				ALWAYS_EMBED_SWIFT_STANDARD_LIBRARIES = YES;
				CODE_SIGN_STYLE = Automatic;
				CURRENT_PROJECT_VERSION = 1;
				DEVELOPMENT_TEAM = 6ST822MABD;
				GENERATE_INFOPLIST_FILE = YES;
				MARKETING_VERSION = 1.0;
				PRODUCT_BUNDLE_IDENTIFIER = com.KennyBui.ParstagramUITests;
				PRODUCT_NAME = "$(TARGET_NAME)";
				SWIFT_EMIT_LOC_STRINGS = NO;
				SWIFT_VERSION = 5.0;
				TARGETED_DEVICE_FAMILY = "1,2";
				TEST_TARGET_NAME = Parstagram;
			};
			name = Debug;
		};
		FE944A3628FA3B4A00D19530 /* Release */ = {
			isa = XCBuildConfiguration;
			baseConfigurationReference = 24D4623320FACDBD6743997F /* Pods-Parstagram-ParstagramUITests.release.xcconfig */;
			buildSettings = {
				ALWAYS_EMBED_SWIFT_STANDARD_LIBRARIES = YES;
				CODE_SIGN_STYLE = Automatic;
				CURRENT_PROJECT_VERSION = 1;
				DEVELOPMENT_TEAM = 6ST822MABD;
				GENERATE_INFOPLIST_FILE = YES;
				MARKETING_VERSION = 1.0;
				PRODUCT_BUNDLE_IDENTIFIER = com.KennyBui.ParstagramUITests;
				PRODUCT_NAME = "$(TARGET_NAME)";
				SWIFT_EMIT_LOC_STRINGS = NO;
				SWIFT_VERSION = 5.0;
				TARGETED_DEVICE_FAMILY = "1,2";
				TEST_TARGET_NAME = Parstagram;
			};
			name = Release;
		};
/* End XCBuildConfiguration section */

/* Begin XCConfigurationList section */
		FE9449FF28FA3B4900D19530 /* Build configuration list for PBXProject "Parstagram" */ = {
			isa = XCConfigurationList;
			buildConfigurations = (
				FE944A2C28FA3B4A00D19530 /* Debug */,
				FE944A2D28FA3B4A00D19530 /* Release */,
			);
			defaultConfigurationIsVisible = 0;
			defaultConfigurationName = Release;
		};
		FE944A2E28FA3B4A00D19530 /* Build configuration list for PBXNativeTarget "Parstagram" */ = {
			isa = XCConfigurationList;
			buildConfigurations = (
				FE944A2F28FA3B4A00D19530 /* Debug */,
				FE944A3028FA3B4A00D19530 /* Release */,
			);
			defaultConfigurationIsVisible = 0;
			defaultConfigurationName = Release;
		};
		FE944A3128FA3B4A00D19530 /* Build configuration list for PBXNativeTarget "ParstagramTests" */ = {
			isa = XCConfigurationList;
			buildConfigurations = (
				FE944A3228FA3B4A00D19530 /* Debug */,
				FE944A3328FA3B4A00D19530 /* Release */,
			);
			defaultConfigurationIsVisible = 0;
			defaultConfigurationName = Release;
		};
		FE944A3428FA3B4A00D19530 /* Build configuration list for PBXNativeTarget "ParstagramUITests" */ = {
			isa = XCConfigurationList;
			buildConfigurations = (
				FE944A3528FA3B4A00D19530 /* Debug */,
				FE944A3628FA3B4A00D19530 /* Release */,
			);
			defaultConfigurationIsVisible = 0;
			defaultConfigurationName = Release;
		};
/* End XCConfigurationList section */
	};
	rootObject = FE9449FC28FA3B4900D19530 /* Project object */;
}
